// !$*UTF8*$!
{
	archiveVersion = 1;
	classes = {
	};
	objectVersion = 46;
	objects = {

/* Begin PBXBuildFile section */
		FCD5E5471E06A85A001D5FF3 /* AppDelegate.swift in Sources */ = {isa = PBXBuildFile; fileRef = FCD5E5461E06A85A001D5FF3 /* AppDelegate.swift */; };
		FCD5E5491E06A85A001D5FF3 /* FirstViewController.swift in Sources */ = {isa = PBXBuildFile; fileRef = FCD5E5481E06A85A001D5FF3 /* FirstViewController.swift */; };
		FCD5E54B1E06A85A001D5FF3 /* SecondViewController.swift in Sources */ = {isa = PBXBuildFile; fileRef = FCD5E54A1E06A85A001D5FF3 /* SecondViewController.swift */; };
		FCD5E54E1E06A85A001D5FF3 /* Main.storyboard in Resources */ = {isa = PBXBuildFile; fileRef = FCD5E54C1E06A85A001D5FF3 /* Main.storyboard */; };
		FCD5E5501E06A85A001D5FF3 /* Assets.xcassets in Resources */ = {isa = PBXBuildFile; fileRef = FCD5E54F1E06A85A001D5FF3 /* Assets.xcassets */; };
		FCD5E5531E06A85A001D5FF3 /* LaunchScreen.storyboard in Resources */ = {isa = PBXBuildFile; fileRef = FCD5E5511E06A85A001D5FF3 /* LaunchScreen.storyboard */; };
		FCD5E55F1E06A9B3001D5FF3 /* feed.png in Resources */ = {isa = PBXBuildFile; fileRef = FCD5E55E1E06A9B3001D5FF3 /* feed.png */; };
		FCD5E5621E06AA17001D5FF3 /* feed@3x.png in Resources */ = {isa = PBXBuildFile; fileRef = FCD5E5601E06AA17001D5FF3 /* feed@3x.png */; };
		FCD5E5631E06AA17001D5FF3 /* feed@2x.png in Resources */ = {isa = PBXBuildFile; fileRef = FCD5E5611E06AA17001D5FF3 /* feed@2x.png */; };
		FCD5E5681E06AB0B001D5FF3 /* search.png in Resources */ = {isa = PBXBuildFile; fileRef = FCD5E5651E06AB0B001D5FF3 /* search.png */; };
		FCD5E5691E06AB0B001D5FF3 /* search@2x.png in Resources */ = {isa = PBXBuildFile; fileRef = FCD5E5661E06AB0B001D5FF3 /* search@2x.png */; };
		FCD5E56A1E06AB0B001D5FF3 /* search@3x.png in Resources */ = {isa = PBXBuildFile; fileRef = FCD5E5671E06AB0B001D5FF3 /* search@3x.png */; };
		FCD5E56E1E06AB70001D5FF3 /* camera@3x.png in Resources */ = {isa = PBXBuildFile; fileRef = FCD5E56B1E06AB70001D5FF3 /* camera@3x.png */; };
		FCD5E56F1E06AB70001D5FF3 /* camera@2x.png in Resources */ = {isa = PBXBuildFile; fileRef = FCD5E56C1E06AB70001D5FF3 /* camera@2x.png */; };
		FCD5E5701E06AB70001D5FF3 /* camera.png in Resources */ = {isa = PBXBuildFile; fileRef = FCD5E56D1E06AB70001D5FF3 /* camera.png */; };
		FCD5E5741E06ABBE001D5FF3 /* notification@3x.png in Resources */ = {isa = PBXBuildFile; fileRef = FCD5E5711E06ABBE001D5FF3 /* notification@3x.png */; };
		FCD5E5751E06ABBE001D5FF3 /* notification@2x.png in Resources */ = {isa = PBXBuildFile; fileRef = FCD5E5721E06ABBE001D5FF3 /* notification@2x.png */; };
		FCD5E5761E06ABBE001D5FF3 /* notification.png in Resources */ = {isa = PBXBuildFile; fileRef = FCD5E5731E06ABBE001D5FF3 /* notification.png */; };
		FCD5E57A1E06AC1C001D5FF3 /* profile.png in Resources */ = {isa = PBXBuildFile; fileRef = FCD5E5771E06AC1C001D5FF3 /* profile.png */; };
		FCD5E57B1E06AC1C001D5FF3 /* profile@2x.png in Resources */ = {isa = PBXBuildFile; fileRef = FCD5E5781E06AC1C001D5FF3 /* profile@2x.png */; };
		FCD5E57C1E06AC1C001D5FF3 /* profile@3x.png in Resources */ = {isa = PBXBuildFile; fileRef = FCD5E5791E06AC1C001D5FF3 /* profile@3x.png */; };
		FCD5E57E1E06AE48001D5FF3 /* filled heart.png in Resources */ = {isa = PBXBuildFile; fileRef = FCD5E57D1E06AE47001D5FF3 /* filled heart.png */; };
		FCD5E5811E06AEF6001D5FF3 /* reply.png in Resources */ = {isa = PBXBuildFile; fileRef = FCD5E57F1E06AEF6001D5FF3 /* reply.png */; };
		FCD5E5821E06AEF6001D5FF3 /* comment.png in Resources */ = {isa = PBXBuildFile; fileRef = FCD5E5801E06AEF6001D5FF3 /* comment.png */; };
		FCD5E5841E06AFDE001D5FF3 /* example.jpg in Resources */ = {isa = PBXBuildFile; fileRef = FCD5E5831E06AFDE001D5FF3 /* example.jpg */; };
		FCD5E5861E06B016001D5FF3 /* james-hetfield-guitar.jpg in Resources */ = {isa = PBXBuildFile; fileRef = FCD5E5851E06B016001D5FF3 /* james-hetfield-guitar.jpg */; };
		FCD5E5881E06B254001D5FF3 /* customizedCell.swift in Sources */ = {isa = PBXBuildFile; fileRef = FCD5E5871E06B254001D5FF3 /* customizedCell.swift */; };
/* End PBXBuildFile section */

/* Begin PBXFileReference section */
		FCD5E5431E06A85A001D5FF3 /* Instagram Design.app */ = {isa = PBXFileReference; explicitFileType = wrapper.application; includeInIndex = 0; path = "Instagram Design.app"; sourceTree = BUILT_PRODUCTS_DIR; };
		FCD5E5461E06A85A001D5FF3 /* AppDelegate.swift */ = {isa = PBXFileReference; lastKnownFileType = sourcecode.swift; path = AppDelegate.swift; sourceTree = "<group>"; };
		FCD5E5481E06A85A001D5FF3 /* FirstViewController.swift */ = {isa = PBXFileReference; lastKnownFileType = sourcecode.swift; path = FirstViewController.swift; sourceTree = "<group>"; };
		FCD5E54A1E06A85A001D5FF3 /* SecondViewController.swift */ = {isa = PBXFileReference; lastKnownFileType = sourcecode.swift; path = SecondViewController.swift; sourceTree = "<group>"; };
		FCD5E54D1E06A85A001D5FF3 /* Base */ = {isa = PBXFileReference; lastKnownFileType = file.storyboard; name = Base; path = Base.lproj/Main.storyboard; sourceTree = "<group>"; };
		FCD5E54F1E06A85A001D5FF3 /* Assets.xcassets */ = {isa = PBXFileReference; lastKnownFileType = folder.assetcatalog; path = Assets.xcassets; sourceTree = "<group>"; };
		FCD5E5521E06A85A001D5FF3 /* Base */ = {isa = PBXFileReference; lastKnownFileType = file.storyboard; name = Base; path = Base.lproj/LaunchScreen.storyboard; sourceTree = "<group>"; };
		FCD5E5541E06A85A001D5FF3 /* Info.plist */ = {isa = PBXFileReference; lastKnownFileType = text.plist.xml; path = Info.plist; sourceTree = "<group>"; };
		FCD5E55E1E06A9B3001D5FF3 /* feed.png */ = {isa = PBXFileReference; lastKnownFileType = image.png; path = feed.png; sourceTree = "<group>"; };
		FCD5E5601E06AA17001D5FF3 /* feed@3x.png */ = {isa = PBXFileReference; lastKnownFileType = image.png; path = "feed@3x.png"; sourceTree = "<group>"; };
		FCD5E5611E06AA17001D5FF3 /* feed@2x.png */ = {isa = PBXFileReference; lastKnownFileType = image.png; path = "feed@2x.png"; sourceTree = "<group>"; };
		FCD5E5651E06AB0B001D5FF3 /* search.png */ = {isa = PBXFileReference; lastKnownFileType = image.png; path = search.png; sourceTree = "<group>"; };
		FCD5E5661E06AB0B001D5FF3 /* search@2x.png */ = {isa = PBXFileReference; lastKnownFileType = image.png; path = "search@2x.png"; sourceTree = "<group>"; };
		FCD5E5671E06AB0B001D5FF3 /* search@3x.png */ = {isa = PBXFileReference; lastKnownFileType = image.png; path = "search@3x.png"; sourceTree = "<group>"; };
		FCD5E56B1E06AB70001D5FF3 /* camera@3x.png */ = {isa = PBXFileReference; lastKnownFileType = image.png; path = "camera@3x.png"; sourceTree = "<group>"; };
		FCD5E56C1E06AB70001D5FF3 /* camera@2x.png */ = {isa = PBXFileReference; lastKnownFileType = image.png; path = "camera@2x.png"; sourceTree = "<group>"; };
		FCD5E56D1E06AB70001D5FF3 /* camera.png */ = {isa = PBXFileReference; lastKnownFileType = image.png; path = camera.png; sourceTree = "<group>"; };
		FCD5E5711E06ABBE001D5FF3 /* notification@3x.png */ = {isa = PBXFileReference; lastKnownFileType = image.png; path = "notification@3x.png"; sourceTree = "<group>"; };
		FCD5E5721E06ABBE001D5FF3 /* notification@2x.png */ = {isa = PBXFileReference; lastKnownFileType = image.png; path = "notification@2x.png"; sourceTree = "<group>"; };
		FCD5E5731E06ABBE001D5FF3 /* notification.png */ = {isa = PBXFileReference; lastKnownFileType = image.png; path = notification.png; sourceTree = "<group>"; };
		FCD5E5771E06AC1C001D5FF3 /* profile.png */ = {isa = PBXFileReference; lastKnownFileType = image.png; path = profile.png; sourceTree = "<group>"; };
		FCD5E5781E06AC1C001D5FF3 /* profile@2x.png */ = {isa = PBXFileReference; lastKnownFileType = image.png; path = "profile@2x.png"; sourceTree = "<group>"; };
		FCD5E5791E06AC1C001D5FF3 /* profile@3x.png */ = {isa = PBXFileReference; lastKnownFileType = image.png; path = "profile@3x.png"; sourceTree = "<group>"; };
		FCD5E57D1E06AE47001D5FF3 /* filled heart.png */ = {isa = PBXFileReference; lastKnownFileType = image.png; path = "filled heart.png"; sourceTree = "<group>"; };
		FCD5E57F1E06AEF6001D5FF3 /* reply.png */ = {isa = PBXFileReference; lastKnownFileType = image.png; path = reply.png; sourceTree = "<group>"; };
		FCD5E5801E06AEF6001D5FF3 /* comment.png */ = {isa = PBXFileReference; lastKnownFileType = image.png; path = comment.png; sourceTree = "<group>"; };
		FCD5E5831E06AFDE001D5FF3 /* example.jpg */ = {isa = PBXFileReference; lastKnownFileType = image.jpeg; path = example.jpg; sourceTree = "<group>"; };
		FCD5E5851E06B016001D5FF3 /* james-hetfield-guitar.jpg */ = {isa = PBXFileReference; lastKnownFileType = image.jpeg; path = "james-hetfield-guitar.jpg"; sourceTree = "<group>"; };
		FCD5E5871E06B254001D5FF3 /* customizedCell.swift */ = {isa = PBXFileReference; fileEncoding = 4; lastKnownFileType = sourcecode.swift; path = customizedCell.swift; sourceTree = "<group>"; };
/* End PBXFileReference section */

/* Begin PBXFrameworksBuildPhase section */
		FCD5E5401E06A85A001D5FF3 /* Frameworks */ = {
			isa = PBXFrameworksBuildPhase;
			buildActionMask = 2147483647;
			files = (
			);
			runOnlyForDeploymentPostprocessing = 0;
		};
/* End PBXFrameworksBuildPhase section */

/* Begin PBXGroup section */
		FCD5E53A1E06A85A001D5FF3 = {
			isa = PBXGroup;
			children = (
				FCD5E5451E06A85A001D5FF3 /* Instagram Design */,
				FCD5E5441E06A85A001D5FF3 /* Products */,
			);
			sourceTree = "<group>";
		};
		FCD5E5441E06A85A001D5FF3 /* Products */ = {
			isa = PBXGroup;
			children = (
				FCD5E5431E06A85A001D5FF3 /* Instagram Design.app */,
			);
			name = Products;
			sourceTree = "<group>";
		};
		FCD5E5451E06A85A001D5FF3 /* Instagram Design */ = {
			isa = PBXGroup;
			children = (
				FCD5E5641E06AA40001D5FF3 /* Icons */,
				FCD5E5461E06A85A001D5FF3 /* AppDelegate.swift */,
				FCD5E5481E06A85A001D5FF3 /* FirstViewController.swift */,
				FCD5E54A1E06A85A001D5FF3 /* SecondViewController.swift */,
				FCD5E5871E06B254001D5FF3 /* customizedCell.swift */,
				FCD5E54C1E06A85A001D5FF3 /* Main.storyboard */,
				FCD5E54F1E06A85A001D5FF3 /* Assets.xcassets */,
				FCD5E5511E06A85A001D5FF3 /* LaunchScreen.storyboard */,
				FCD5E5541E06A85A001D5FF3 /* Info.plist */,
			);
			path = "Instagram Design";
			sourceTree = "<group>";
		};
		FCD5E5641E06AA40001D5FF3 /* Icons */ = {
			isa = PBXGroup;
			children = (
				FCD5E57F1E06AEF6001D5FF3 /* reply.png */,
				FCD5E5801E06AEF6001D5FF3 /* comment.png */,
				FCD5E57D1E06AE47001D5FF3 /* filled heart.png */,
				FCD5E5711E06ABBE001D5FF3 /* notification@3x.png */,
				FCD5E5771E06AC1C001D5FF3 /* profile.png */,
				FCD5E5781E06AC1C001D5FF3 /* profile@2x.png */,
				FCD5E5791E06AC1C001D5FF3 /* profile@3x.png */,
				FCD5E5721E06ABBE001D5FF3 /* notification@2x.png */,
				FCD5E5731E06ABBE001D5FF3 /* notification.png */,
				FCD5E56B1E06AB70001D5FF3 /* camera@3x.png */,
				FCD5E56C1E06AB70001D5FF3 /* camera@2x.png */,
				FCD5E56D1E06AB70001D5FF3 /* camera.png */,
				FCD5E5651E06AB0B001D5FF3 /* search.png */,
				FCD5E5661E06AB0B001D5FF3 /* search@2x.png */,
				FCD5E5671E06AB0B001D5FF3 /* search@3x.png */,
				FCD5E55E1E06A9B3001D5FF3 /* feed.png */,
				FCD5E5601E06AA17001D5FF3 /* feed@3x.png */,
				FCD5E5611E06AA17001D5FF3 /* feed@2x.png */,
				FCD5E5831E06AFDE001D5FF3 /* example.jpg */,
				FCD5E5851E06B016001D5FF3 /* james-hetfield-guitar.jpg */,
			);
			name = Icons;
			sourceTree = "<group>";
		};
/* End PBXGroup section */

/* Begin PBXNativeTarget section */
		FCD5E5421E06A85A001D5FF3 /* Instagram Design */ = {
			isa = PBXNativeTarget;
			buildConfigurationList = FCD5E5571E06A85A001D5FF3 /* Build configuration list for PBXNativeTarget "Instagram Design" */;
			buildPhases = (
				FCD5E53F1E06A85A001D5FF3 /* Sources */,
				FCD5E5401E06A85A001D5FF3 /* Frameworks */,
				FCD5E5411E06A85A001D5FF3 /* Resources */,
			);
			buildRules = (
			);
			dependencies = (
			);
			name = "Instagram Design";
			productName = "Instagram Design";
			productReference = FCD5E5431E06A85A001D5FF3 /* Instagram Design.app */;
			productType = "com.apple.product-type.application";
		};
/* End PBXNativeTarget section */

/* Begin PBXProject section */
		FCD5E53B1E06A85A001D5FF3 /* Project object */ = {
			isa = PBXProject;
			attributes = {
				LastSwiftUpdateCheck = 0810;
				LastUpgradeCheck = 0810;
				ORGANIZATIONNAME = "Atıl Samancıoğlu";
				TargetAttributes = {
					FCD5E5421E06A85A001D5FF3 = {
						CreatedOnToolsVersion = 8.1;
						DevelopmentTeam = 7CZ8CAJJXF;
						ProvisioningStyle = Automatic;
					};
				};
			};
			buildConfigurationList = FCD5E53E1E06A85A001D5FF3 /* Build configuration list for PBXProject "Instagram Design" */;
			compatibilityVersion = "Xcode 3.2";
			developmentRegion = English;
			hasScannedForEncodings = 0;
			knownRegions = (
				en,
				Base,
			);
			mainGroup = FCD5E53A1E06A85A001D5FF3;
			productRefGroup = FCD5E5441E06A85A001D5FF3 /* Products */;
			projectDirPath = "";
			projectRoot = "";
			targets = (
				FCD5E5421E06A85A001D5FF3 /* Instagram Design */,
			);
		};
/* End PBXProject section */

/* Begin PBXResourcesBuildPhase section */
		FCD5E5411E06A85A001D5FF3 /* Resources */ = {
			isa = PBXResourcesBuildPhase;
			buildActionMask = 2147483647;
			files = (
				FCD5E57E1E06AE48001D5FF3 /* filled heart.png in Resources */,
				FCD5E56F1E06AB70001D5FF3 /* camera@2x.png in Resources */,
				FCD5E56A1E06AB0B001D5FF3 /* search@3x.png in Resources */,
				FCD5E5691E06AB0B001D5FF3 /* search@2x.png in Resources */,
				FCD5E5741E06ABBE001D5FF3 /* notification@3x.png in Resources */,
				FCD5E5621E06AA17001D5FF3 /* feed@3x.png in Resources */,
				FCD5E5761E06ABBE001D5FF3 /* notification.png in Resources */,
				FCD5E5751E06ABBE001D5FF3 /* notification@2x.png in Resources */,
				FCD5E5531E06A85A001D5FF3 /* LaunchScreen.storyboard in Resources */,
				FCD5E5501E06A85A001D5FF3 /* Assets.xcassets in Resources */,
				FCD5E57C1E06AC1C001D5FF3 /* profile@3x.png in Resources */,
				FCD5E5681E06AB0B001D5FF3 /* search.png in Resources */,
				FCD5E56E1E06AB70001D5FF3 /* camera@3x.png in Resources */,
				FCD5E5821E06AEF6001D5FF3 /* comment.png in Resources */,
				FCD5E54E1E06A85A001D5FF3 /* Main.storyboard in Resources */,
				FCD5E5841E06AFDE001D5FF3 /* example.jpg in Resources */,
				FCD5E5631E06AA17001D5FF3 /* feed@2x.png in Resources */,
				FCD5E5861E06B016001D5FF3 /* james-hetfield-guitar.jpg in Resources */,
				FCD5E5701E06AB70001D5FF3 /* camera.png in Resources */,
				FCD5E5811E06AEF6001D5FF3 /* reply.png in Resources */,
				FCD5E57B1E06AC1C001D5FF3 /* profile@2x.png in Resources */,
				FCD5E55F1E06A9B3001D5FF3 /* feed.png in Resources */,
				FCD5E57A1E06AC1C001D5FF3 /* profile.png in Resources */,
			);
			runOnlyForDeploymentPostprocessing = 0;
		};
/* End PBXResourcesBuildPhase section */

/* Begin PBXSourcesBuildPhase section */
		FCD5E53F1E06A85A001D5FF3 /* Sources */ = {
			isa = PBXSourcesBuildPhase;
			buildActionMask = 2147483647;
			files = (
				FCD5E54B1E06A85A001D5FF3 /* SecondViewController.swift in Sources */,
				FCD5E5471E06A85A001D5FF3 /* AppDelegate.swift in Sources */,
				FCD5E5881E06B254001D5FF3 /* customizedCell.swift in Sources */,
				FCD5E5491E06A85A001D5FF3 /* FirstViewController.swift in Sources */,
			);
			runOnlyForDeploymentPostprocessing = 0;
		};
/* End PBXSourcesBuildPhase section */

/* Begin PBXVariantGroup section */
		FCD5E54C1E06A85A001D5FF3 /* Main.storyboard */ = {
			isa = PBXVariantGroup;
			children = (
				FCD5E54D1E06A85A001D5FF3 /* Base */,
			);
			name = Main.storyboard;
			sourceTree = "<group>";
		};
		FCD5E5511E06A85A001D5FF3 /* LaunchScreen.storyboard */ = {
			isa = PBXVariantGroup;
			children = (
				FCD5E5521E06A85A001D5FF3 /* Base */,
			);
			name = LaunchScreen.storyboard;
			sourceTree = "<group>";
		};
/* End PBXVariantGroup section */

/* Begin XCBuildConfiguration section */
		FCD5E5551E06A85A001D5FF3 /* Debug */ = {
			isa = XCBuildConfiguration;
			buildSettings = {
				ALWAYS_SEARCH_USER_PATHS = NO;
				CLANG_ANALYZER_NONNULL = YES;
				CLANG_CXX_LANGUAGE_STANDARD = "gnu++0x";
				CLANG_CXX_LIBRARY = "libc++";
				CLANG_ENABLE_MODULES = YES;
				CLANG_ENABLE_OBJC_ARC = YES;
				CLANG_WARN_BOOL_CONVERSION = YES;
				CLANG_WARN_CONSTANT_CONVERSION = YES;
				CLANG_WARN_DIRECT_OBJC_ISA_USAGE = YES_ERROR;
				CLANG_WARN_DOCUMENTATION_COMMENTS = YES;
				CLANG_WARN_EMPTY_BODY = YES;
				CLANG_WARN_ENUM_CONVERSION = YES;
				CLANG_WARN_INFINITE_RECURSION = YES;
				CLANG_WARN_INT_CONVERSION = YES;
				CLANG_WARN_OBJC_ROOT_CLASS = YES_ERROR;
				CLANG_WARN_SUSPICIOUS_MOVES = YES;
				CLANG_WARN_UNREACHABLE_CODE = YES;
				CLANG_WARN__DUPLICATE_METHOD_MATCH = YES;
				"CODE_SIGN_IDENTITY[sdk=iphoneos*]" = "iPhone Developer";
				COPY_PHASE_STRIP = NO;
				DEBUG_INFORMATION_FORMAT = dwarf;
				ENABLE_STRICT_OBJC_MSGSEND = YES;
				ENABLE_TESTABILITY = YES;
				GCC_C_LANGUAGE_STANDARD = gnu99;
				GCC_DYNAMIC_NO_PIC = NO;
				GCC_NO_COMMON_BLOCKS = YES;
				GCC_OPTIMIZATION_LEVEL = 0;
				GCC_PREPROCESSOR_DEFINITIONS = (
					"DEBUG=1",
					"$(inherited)",
				);
				GCC_WARN_64_TO_32_BIT_CONVERSION = YES;
				GCC_WARN_ABOUT_RETURN_TYPE = YES_ERROR;
				GCC_WARN_UNDECLARED_SELECTOR = YES;
				GCC_WARN_UNINITIALIZED_AUTOS = YES_AGGRESSIVE;
				GCC_WARN_UNUSED_FUNCTION = YES;
				GCC_WARN_UNUSED_VARIABLE = YES;
				IPHONEOS_DEPLOYMENT_TARGET = 10.1;
				MTL_ENABLE_DEBUG_INFO = YES;
				ONLY_ACTIVE_ARCH = YES;
				SDKROOT = iphoneos;
				SWIFT_ACTIVE_COMPILATION_CONDITIONS = DEBUG;
				SWIFT_OPTIMIZATION_LEVEL = "-Onone";
				TARGETED_DEVICE_FAMILY = "1,2";
			};
			name = Debug;
		};
		FCD5E5561E06A85A001D5FF3 /* Release */ = {
			isa = XCBuildConfiguration;
			buildSettings = {
				ALWAYS_SEARCH_USER_PATHS = NO;
				CLANG_ANALYZER_NONNULL = YES;
				CLANG_CXX_LANGUAGE_STANDARD = "gnu++0x";
				CLANG_CXX_LIBRARY = "libc++";
				CLANG_ENABLE_MODULES = YES;
				CLANG_ENABLE_OBJC_ARC = YES;
				CLANG_WARN_BOOL_CONVERSION = YES;
				CLANG_WARN_CONSTANT_CONVERSION = YES;
				CLANG_WARN_DIRECT_OBJC_ISA_USAGE = YES_ERROR;
				CLANG_WARN_DOCUMENTATION_COMMENTS = YES;
				CLANG_WARN_EMPTY_BODY = YES;
				CLANG_WARN_ENUM_CONVERSION = YES;
				CLANG_WARN_INFINITE_RECURSION = YES;
				CLANG_WARN_INT_CONVERSION = YES;
				CLANG_WARN_OBJC_ROOT_CLASS = YES_ERROR;
				CLANG_WARN_SUSPICIOUS_MOVES = YES;
				CLANG_WARN_UNREACHABLE_CODE = YES;
				CLANG_WARN__DUPLICATE_METHOD_MATCH = YES;
				"CODE_SIGN_IDENTITY[sdk=iphoneos*]" = "iPhone Developer";
				COPY_PHASE_STRIP = NO;
				DEBUG_INFORMATION_FORMAT = "dwarf-with-dsym";
				ENABLE_NS_ASSERTIONS = NO;
				ENABLE_STRICT_OBJC_MSGSEND = YES;
				GCC_C_LANGUAGE_STANDARD = gnu99;
				GCC_NO_COMMON_BLOCKS = YES;
				GCC_WARN_64_TO_32_BIT_CONVERSION = YES;
				GCC_WARN_ABOUT_RETURN_TYPE = YES_ERROR;
				GCC_WARN_UNDECLARED_SELECTOR = YES;
				GCC_WARN_UNINITIALIZED_AUTOS = YES_AGGRESSIVE;
				GCC_WARN_UNUSED_FUNCTION = YES;
				GCC_WARN_UNUSED_VARIABLE = YES;
				IPHONEOS_DEPLOYMENT_TARGET = 10.1;
				MTL_ENABLE_DEBUG_INFO = NO;
				SDKROOT = iphoneos;
				SWIFT_OPTIMIZATION_LEVEL = "-Owholemodule";
				TARGETED_DEVICE_FAMILY = "1,2";
				VALIDATE_PRODUCT = YES;
			};
			name = Release;
		};
		FCD5E5581E06A85A001D5FF3 /* Debug */ = {
			isa = XCBuildConfiguration;
			buildSettings = {
				ASSETCATALOG_COMPILER_APPICON_NAME = AppIcon;
				DEVELOPMENT_TEAM = 7CZ8CAJJXF;
				INFOPLIST_FILE = "Instagram Design/Info.plist";
				LD_RUNPATH_SEARCH_PATHS = "$(inherited) @executable_path/Frameworks";
				PRODUCT_BUNDLE_IDENTIFIER = "com.atilsamancioglu.Instagram-Design";
				PRODUCT_NAME = "$(TARGET_NAME)";
				SWIFT_VERSION = 3.0;
			};
			name = Debug;
		};
		FCD5E5591E06A85A001D5FF3 /* Release */ = {
			isa = XCBuildConfiguration;
			buildSettings = {
				ASSETCATALOG_COMPILER_APPICON_NAME = AppIcon;
				DEVELOPMENT_TEAM = 7CZ8CAJJXF;
				INFOPLIST_FILE = "Instagram Design/Info.plist";
				LD_RUNPATH_SEARCH_PATHS = "$(inherited) @executable_path/Frameworks";
				PRODUCT_BUNDLE_IDENTIFIER = "com.atilsamancioglu.Instagram-Design";
				PRODUCT_NAME = "$(TARGET_NAME)";
				SWIFT_VERSION = 3.0;
			};
			name = Release;
		};
/* End XCBuildConfiguration section */

/* Begin XCConfigurationList section */
		FCD5E53E1E06A85A001D5FF3 /* Build configuration list for PBXProject "Instagram Design" */ = {
			isa = XCConfigurationList;
			buildConfigurations = (
				FCD5E5551E06A85A001D5FF3 /* Debug */,
				FCD5E5561E06A85A001D5FF3 /* Release */,
			);
			defaultConfigurationIsVisible = 0;
			defaultConfigurationName = Release;
		};
		FCD5E5571E06A85A001D5FF3 /* Build configuration list for PBXNativeTarget "Instagram Design" */ = {
			isa = XCConfigurationList;
			buildConfigurations = (
				FCD5E5581E06A85A001D5FF3 /* Debug */,
				FCD5E5591E06A85A001D5FF3 /* Release */,
			);
			defaultConfigurationIsVisible = 0;
		};
/* End XCConfigurationList section */
	};
	rootObject = FCD5E53B1E06A85A001D5FF3 /* Project object */;
}
